// !$*UTF8*$!
{
	archiveVersion = 1;
	classes = {
	};
	objectVersion = 50;
	objects = {

/* Begin PBXBuildFile section */
		F47CDF4B234DE9CB00548123 /* DemoView.swift in Sources */ = {isa = PBXBuildFile; fileRef = F47CDF4A234DE9CB00548123 /* DemoView.swift */; };
		F47CDF4E234DEC1D00548123 /* ColorSlider.swift in Sources */ = {isa = PBXBuildFile; fileRef = F47CDF4D234DEC1D00548123 /* ColorSlider.swift */; };
		F4AE8678234EB2EA004D1F4A /* HSBColor.swift in Sources */ = {isa = PBXBuildFile; fileRef = F4AE8677234EB2EA004D1F4A /* HSBColor.swift */; };
		F4AE867A234EB47E004D1F4A /* GradientColorView.swift in Sources */ = {isa = PBXBuildFile; fileRef = F4AE8679234EB47E004D1F4A /* GradientColorView.swift */; };
		F4AE867D234EB505004D1F4A /* Gradient.swift in Sources */ = {isa = PBXBuildFile; fileRef = F4AE867C234EB505004D1F4A /* Gradient.swift */; };
		F4AE867F234ED392004D1F4A /* ColorStatePreviewView.swift in Sources */ = {isa = PBXBuildFile; fileRef = F4AE867E234ED392004D1F4A /* ColorStatePreviewView.swift */; };
		F4AE8681234EF138004D1F4A /* ColorStateView.swift in Sources */ = {isa = PBXBuildFile; fileRef = F4AE8680234EF138004D1F4A /* ColorStateView.swift */; };
		F4AE8683234EF528004D1F4A /* Extensions.swift in Sources */ = {isa = PBXBuildFile; fileRef = F4AE8682234EF528004D1F4A /* Extensions.swift */; };
		F4E164E0234DE6EB009860CA /* AppDelegate.swift in Sources */ = {isa = PBXBuildFile; fileRef = F4E164DF234DE6EB009860CA /* AppDelegate.swift */; };
		F4E164E2234DE6EB009860CA /* SceneDelegate.swift in Sources */ = {isa = PBXBuildFile; fileRef = F4E164E1234DE6EB009860CA /* SceneDelegate.swift */; };
		F4E164E4234DE6EB009860CA /* ViewController.swift in Sources */ = {isa = PBXBuildFile; fileRef = F4E164E3234DE6EB009860CA /* ViewController.swift */; };
		F4E164E7234DE6EB009860CA /* Main.storyboard in Resources */ = {isa = PBXBuildFile; fileRef = F4E164E5234DE6EB009860CA /* Main.storyboard */; };
		F4E164E9234DE6EC009860CA /* Assets.xcassets in Resources */ = {isa = PBXBuildFile; fileRef = F4E164E8234DE6EC009860CA /* Assets.xcassets */; };
		F4E164EC234DE6EC009860CA /* LaunchScreen.storyboard in Resources */ = {isa = PBXBuildFile; fileRef = F4E164EA234DE6EC009860CA /* LaunchScreen.storyboard */; };
		F4E164F7234DE6EC009860CA /* ColorPickerTests.swift in Sources */ = {isa = PBXBuildFile; fileRef = F4E164F6234DE6EC009860CA /* ColorPickerTests.swift */; };
		F4E16502234DE6EC009860CA /* ColorPickerUITests.swift in Sources */ = {isa = PBXBuildFile; fileRef = F4E16501234DE6EC009860CA /* ColorPickerUITests.swift */; };
/* End PBXBuildFile section */

/* Begin PBXContainerItemProxy section */
		F4E164F3234DE6EC009860CA /* PBXContainerItemProxy */ = {
			isa = PBXContainerItemProxy;
			containerPortal = F4E164D4234DE6EA009860CA /* Project object */;
			proxyType = 1;
			remoteGlobalIDString = F4E164DB234DE6EA009860CA;
			remoteInfo = ColorPicker;
		};
		F4E164FE234DE6EC009860CA /* PBXContainerItemProxy */ = {
			isa = PBXContainerItemProxy;
			containerPortal = F4E164D4234DE6EA009860CA /* Project object */;
			proxyType = 1;
			remoteGlobalIDString = F4E164DB234DE6EA009860CA;
			remoteInfo = ColorPicker;
		};
/* End PBXContainerItemProxy section */

/* Begin PBXFileReference section */
		F47CDF4A234DE9CB00548123 /* DemoView.swift */ = {isa = PBXFileReference; lastKnownFileType = sourcecode.swift; path = DemoView.swift; sourceTree = "<group>"; };
		F47CDF4D234DEC1D00548123 /* ColorSlider.swift */ = {isa = PBXFileReference; lastKnownFileType = sourcecode.swift; path = ColorSlider.swift; sourceTree = "<group>"; };
		F4AE8677234EB2EA004D1F4A /* HSBColor.swift */ = {isa = PBXFileReference; lastKnownFileType = sourcecode.swift; path = HSBColor.swift; sourceTree = "<group>"; };
		F4AE8679234EB47E004D1F4A /* GradientColorView.swift */ = {isa = PBXFileReference; lastKnownFileType = sourcecode.swift; path = GradientColorView.swift; sourceTree = "<group>"; };
		F4AE867C234EB505004D1F4A /* Gradient.swift */ = {isa = PBXFileReference; lastKnownFileType = sourcecode.swift; path = Gradient.swift; sourceTree = "<group>"; };
		F4AE867E234ED392004D1F4A /* ColorStatePreviewView.swift */ = {isa = PBXFileReference; lastKnownFileType = sourcecode.swift; path = ColorStatePreviewView.swift; sourceTree = "<group>"; };
		F4AE8680234EF138004D1F4A /* ColorStateView.swift */ = {isa = PBXFileReference; lastKnownFileType = sourcecode.swift; path = ColorStateView.swift; sourceTree = "<group>"; };
		F4AE8682234EF528004D1F4A /* Extensions.swift */ = {isa = PBXFileReference; lastKnownFileType = sourcecode.swift; path = Extensions.swift; sourceTree = "<group>"; };
		F4E164DC234DE6EB009860CA /* ColorPicker.app */ = {isa = PBXFileReference; explicitFileType = wrapper.application; includeInIndex = 0; path = ColorPicker.app; sourceTree = BUILT_PRODUCTS_DIR; };
		F4E164DF234DE6EB009860CA /* AppDelegate.swift */ = {isa = PBXFileReference; lastKnownFileType = sourcecode.swift; path = AppDelegate.swift; sourceTree = "<group>"; };
		F4E164E1234DE6EB009860CA /* SceneDelegate.swift */ = {isa = PBXFileReference; lastKnownFileType = sourcecode.swift; path = SceneDelegate.swift; sourceTree = "<group>"; };
		F4E164E3234DE6EB009860CA /* ViewController.swift */ = {isa = PBXFileReference; lastKnownFileType = sourcecode.swift; path = ViewController.swift; sourceTree = "<group>"; };
		F4E164E6234DE6EB009860CA /* Base */ = {isa = PBXFileReference; lastKnownFileType = file.storyboard; name = Base; path = Base.lproj/Main.storyboard; sourceTree = "<group>"; };
		F4E164E8234DE6EC009860CA /* Assets.xcassets */ = {isa = PBXFileReference; lastKnownFileType = folder.assetcatalog; path = Assets.xcassets; sourceTree = "<group>"; };
		F4E164EB234DE6EC009860CA /* Base */ = {isa = PBXFileReference; lastKnownFileType = file.storyboard; name = Base; path = Base.lproj/LaunchScreen.storyboard; sourceTree = "<group>"; };
		F4E164ED234DE6EC009860CA /* Info.plist */ = {isa = PBXFileReference; lastKnownFileType = text.plist.xml; path = Info.plist; sourceTree = "<group>"; };
		F4E164F2234DE6EC009860CA /* ColorPickerTests.xctest */ = {isa = PBXFileReference; explicitFileType = wrapper.cfbundle; includeInIndex = 0; path = ColorPickerTests.xctest; sourceTree = BUILT_PRODUCTS_DIR; };
		F4E164F6234DE6EC009860CA /* ColorPickerTests.swift */ = {isa = PBXFileReference; lastKnownFileType = sourcecode.swift; path = ColorPickerTests.swift; sourceTree = "<group>"; };
		F4E164F8234DE6EC009860CA /* Info.plist */ = {isa = PBXFileReference; lastKnownFileType = text.plist.xml; path = Info.plist; sourceTree = "<group>"; };
		F4E164FD234DE6EC009860CA /* ColorPickerUITests.xctest */ = {isa = PBXFileReference; explicitFileType = wrapper.cfbundle; includeInIndex = 0; path = ColorPickerUITests.xctest; sourceTree = BUILT_PRODUCTS_DIR; };
		F4E16501234DE6EC009860CA /* ColorPickerUITests.swift */ = {isa = PBXFileReference; lastKnownFileType = sourcecode.swift; path = ColorPickerUITests.swift; sourceTree = "<group>"; };
		F4E16503234DE6EC009860CA /* Info.plist */ = {isa = PBXFileReference; lastKnownFileType = text.plist.xml; path = Info.plist; sourceTree = "<group>"; };
/* End PBXFileReference section */

/* Begin PBXFrameworksBuildPhase section */
		F4E164D9234DE6EA009860CA /* Frameworks */ = {
			isa = PBXFrameworksBuildPhase;
			buildActionMask = 2147483647;
			files = (
			);
			runOnlyForDeploymentPostprocessing = 0;
		};
		F4E164EF234DE6EC009860CA /* Frameworks */ = {
			isa = PBXFrameworksBuildPhase;
			buildActionMask = 2147483647;
			files = (
			);
			runOnlyForDeploymentPostprocessing = 0;
		};
		F4E164FA234DE6EC009860CA /* Frameworks */ = {
			isa = PBXFrameworksBuildPhase;
			buildActionMask = 2147483647;
			files = (
			);
			runOnlyForDeploymentPostprocessing = 0;
		};
/* End PBXFrameworksBuildPhase section */

/* Begin PBXGroup section */
		F47CDF4C234DEBFE00548123 /* class */ = {
			isa = PBXGroup;
			children = (
				F4AE867B234EB4FB004D1F4A /* internal */,
				F47CDF4D234DEC1D00548123 /* ColorSlider.swift */,
				F4AE867E234ED392004D1F4A /* ColorStatePreviewView.swift */,
				F4AE8679234EB47E004D1F4A /* GradientColorView.swift */,
				F4AE8680234EF138004D1F4A /* ColorStateView.swift */,
			);
			path = class;
			sourceTree = "<group>";
		};
		F4AE867B234EB4FB004D1F4A /* internal */ = {
			isa = PBXGroup;
			children = (
				F4AE8677234EB2EA004D1F4A /* HSBColor.swift */,
				F4AE867C234EB505004D1F4A /* Gradient.swift */,
			);
			path = internal;
			sourceTree = "<group>";
		};
		F4E164D3234DE6EA009860CA = {
			isa = PBXGroup;
			children = (
				F4E164DE234DE6EB009860CA /* ColorPicker */,
				F4E164F5234DE6EC009860CA /* ColorPickerTests */,
				F4E16500234DE6EC009860CA /* ColorPickerUITests */,
				F4E164DD234DE6EB009860CA /* Products */,
			);
			sourceTree = "<group>";
		};
		F4E164DD234DE6EB009860CA /* Products */ = {
			isa = PBXGroup;
			children = (
				F4E164DC234DE6EB009860CA /* ColorPicker.app */,
				F4E164F2234DE6EC009860CA /* ColorPickerTests.xctest */,
				F4E164FD234DE6EC009860CA /* ColorPickerUITests.xctest */,
			);
			name = Products;
			sourceTree = "<group>";
		};
		F4E164DE234DE6EB009860CA /* ColorPicker */ = {
			isa = PBXGroup;
			children = (
				F47CDF4C234DEBFE00548123 /* class */,
				F4E164DF234DE6EB009860CA /* AppDelegate.swift */,
				F4E164E1234DE6EB009860CA /* SceneDelegate.swift */,
				F4E164E3234DE6EB009860CA /* ViewController.swift */,
				F47CDF4A234DE9CB00548123 /* DemoView.swift */,
				F4E164E5234DE6EB009860CA /* Main.storyboard */,
				F4E164E8234DE6EC009860CA /* Assets.xcassets */,
				F4E164EA234DE6EC009860CA /* LaunchScreen.storyboard */,
				F4E164ED234DE6EC009860CA /* Info.plist */,
				F4AE8682234EF528004D1F4A /* Extensions.swift */,
			);
			path = ColorPicker;
			sourceTree = "<group>";
		};
		F4E164F5234DE6EC009860CA /* ColorPickerTests */ = {
			isa = PBXGroup;
			children = (
				F4E164F6234DE6EC009860CA /* ColorPickerTests.swift */,
				F4E164F8234DE6EC009860CA /* Info.plist */,
			);
			path = ColorPickerTests;
			sourceTree = "<group>";
		};
		F4E16500234DE6EC009860CA /* ColorPickerUITests */ = {
			isa = PBXGroup;
			children = (
				F4E16501234DE6EC009860CA /* ColorPickerUITests.swift */,
				F4E16503234DE6EC009860CA /* Info.plist */,
			);
			path = ColorPickerUITests;
			sourceTree = "<group>";
		};
/* End PBXGroup section */

/* Begin PBXNativeTarget section */
		F4E164DB234DE6EA009860CA /* ColorPicker */ = {
			isa = PBXNativeTarget;
			buildConfigurationList = F4E16506234DE6EC009860CA /* Build configuration list for PBXNativeTarget "ColorPicker" */;
			buildPhases = (
				F4E164D8234DE6EA009860CA /* Sources */,
				F4E164D9234DE6EA009860CA /* Frameworks */,
				F4E164DA234DE6EA009860CA /* Resources */,
			);
			buildRules = (
			);
			dependencies = (
			);
			name = ColorPicker;
			productName = ColorPicker;
			productReference = F4E164DC234DE6EB009860CA /* ColorPicker.app */;
			productType = "com.apple.product-type.application";
		};
		F4E164F1234DE6EC009860CA /* ColorPickerTests */ = {
			isa = PBXNativeTarget;
			buildConfigurationList = F4E16509234DE6EC009860CA /* Build configuration list for PBXNativeTarget "ColorPickerTests" */;
			buildPhases = (
				F4E164EE234DE6EC009860CA /* Sources */,
				F4E164EF234DE6EC009860CA /* Frameworks */,
				F4E164F0234DE6EC009860CA /* Resources */,
			);
			buildRules = (
			);
			dependencies = (
				F4E164F4234DE6EC009860CA /* PBXTargetDependency */,
			);
			name = ColorPickerTests;
			productName = ColorPickerTests;
			productReference = F4E164F2234DE6EC009860CA /* ColorPickerTests.xctest */;
			productType = "com.apple.product-type.bundle.unit-test";
		};
		F4E164FC234DE6EC009860CA /* ColorPickerUITests */ = {
			isa = PBXNativeTarget;
			buildConfigurationList = F4E1650C234DE6EC009860CA /* Build configuration list for PBXNativeTarget "ColorPickerUITests" */;
			buildPhases = (
				F4E164F9234DE6EC009860CA /* Sources */,
				F4E164FA234DE6EC009860CA /* Frameworks */,
				F4E164FB234DE6EC009860CA /* Resources */,
			);
			buildRules = (
			);
			dependencies = (
				F4E164FF234DE6EC009860CA /* PBXTargetDependency */,
			);
			name = ColorPickerUITests;
			productName = ColorPickerUITests;
			productReference = F4E164FD234DE6EC009860CA /* ColorPickerUITests.xctest */;
			productType = "com.apple.product-type.bundle.ui-testing";
		};
/* End PBXNativeTarget section */

/* Begin PBXProject section */
		F4E164D4234DE6EA009860CA /* Project object */ = {
			isa = PBXProject;
			attributes = {
				LastSwiftUpdateCheck = 1100;
				LastUpgradeCheck = 1100;
				ORGANIZATIONNAME = gizingun;
				TargetAttributes = {
					F4E164DB234DE6EA009860CA = {
						CreatedOnToolsVersion = 11.0;
					};
					F4E164F1234DE6EC009860CA = {
						CreatedOnToolsVersion = 11.0;
						TestTargetID = F4E164DB234DE6EA009860CA;
					};
					F4E164FC234DE6EC009860CA = {
						CreatedOnToolsVersion = 11.0;
						TestTargetID = F4E164DB234DE6EA009860CA;
					};
				};
			};
			buildConfigurationList = F4E164D7234DE6EA009860CA /* Build configuration list for PBXProject "ColorPicker" */;
			compatibilityVersion = "Xcode 9.3";
			developmentRegion = en;
			hasScannedForEncodings = 0;
			knownRegions = (
				en,
				Base,
			);
			mainGroup = F4E164D3234DE6EA009860CA;
			productRefGroup = F4E164DD234DE6EB009860CA /* Products */;
			projectDirPath = "";
			projectRoot = "";
			targets = (
				F4E164DB234DE6EA009860CA /* ColorPicker */,
				F4E164F1234DE6EC009860CA /* ColorPickerTests */,
				F4E164FC234DE6EC009860CA /* ColorPickerUITests */,
			);
		};
/* End PBXProject section */

/* Begin PBXResourcesBuildPhase section */
		F4E164DA234DE6EA009860CA /* Resources */ = {
			isa = PBXResourcesBuildPhase;
			buildActionMask = 2147483647;
			files = (
				F4E164EC234DE6EC009860CA /* LaunchScreen.storyboard in Resources */,
				F4E164E9234DE6EC009860CA /* Assets.xcassets in Resources */,
				F4E164E7234DE6EB009860CA /* Main.storyboard in Resources */,
			);
			runOnlyForDeploymentPostprocessing = 0;
		};
		F4E164F0234DE6EC009860CA /* Resources */ = {
			isa = PBXResourcesBuildPhase;
			buildActionMask = 2147483647;
			files = (
			);
			runOnlyForDeploymentPostprocessing = 0;
		};
		F4E164FB234DE6EC009860CA /* Resources */ = {
			isa = PBXResourcesBuildPhase;
			buildActionMask = 2147483647;
			files = (
			);
			runOnlyForDeploymentPostprocessing = 0;
		};
/* End PBXResourcesBuildPhase section */

/* Begin PBXSourcesBuildPhase section */
		F4E164D8234DE6EA009860CA /* Sources */ = {
			isa = PBXSourcesBuildPhase;
			buildActionMask = 2147483647;
			files = (
				F4E164E4234DE6EB009860CA /* ViewController.swift in Sources */,
				F4AE8678234EB2EA004D1F4A /* HSBColor.swift in Sources */,
				F4AE8681234EF138004D1F4A /* ColorStateView.swift in Sources */,
				F4AE867F234ED392004D1F4A /* ColorStatePreviewView.swift in Sources */,
				F47CDF4E234DEC1D00548123 /* ColorSlider.swift in Sources */,
				F4AE867A234EB47E004D1F4A /* GradientColorView.swift in Sources */,
				F47CDF4B234DE9CB00548123 /* DemoView.swift in Sources */,
				F4E164E0234DE6EB009860CA /* AppDelegate.swift in Sources */,
				F4E164E2234DE6EB009860CA /* SceneDelegate.swift in Sources */,
				F4AE8683234EF528004D1F4A /* Extensions.swift in Sources */,
				F4AE867D234EB505004D1F4A /* Gradient.swift in Sources */,
			);
			runOnlyForDeploymentPostprocessing = 0;
		};
		F4E164EE234DE6EC009860CA /* Sources */ = {
			isa = PBXSourcesBuildPhase;
			buildActionMask = 2147483647;
			files = (
				F4E164F7234DE6EC009860CA /* ColorPickerTests.swift in Sources */,
			);
			runOnlyForDeploymentPostprocessing = 0;
		};
		F4E164F9234DE6EC009860CA /* Sources */ = {
			isa = PBXSourcesBuildPhase;
			buildActionMask = 2147483647;
			files = (
				F4E16502234DE6EC009860CA /* ColorPickerUITests.swift in Sources */,
			);
			runOnlyForDeploymentPostprocessing = 0;
		};
/* End PBXSourcesBuildPhase section */

/* Begin PBXTargetDependency section */
		F4E164F4234DE6EC009860CA /* PBXTargetDependency */ = {
			isa = PBXTargetDependency;
			target = F4E164DB234DE6EA009860CA /* ColorPicker */;
			targetProxy = F4E164F3234DE6EC009860CA /* PBXContainerItemProxy */;
		};
		F4E164FF234DE6EC009860CA /* PBXTargetDependency */ = {
			isa = PBXTargetDependency;
			target = F4E164DB234DE6EA009860CA /* ColorPicker */;
			targetProxy = F4E164FE234DE6EC009860CA /* PBXContainerItemProxy */;
		};
/* End PBXTargetDependency section */

/* Begin PBXVariantGroup section */
		F4E164E5234DE6EB009860CA /* Main.storyboard */ = {
			isa = PBXVariantGroup;
			children = (
				F4E164E6234DE6EB009860CA /* Base */,
			);
			name = Main.storyboard;
			sourceTree = "<group>";
		};
		F4E164EA234DE6EC009860CA /* LaunchScreen.storyboard */ = {
			isa = PBXVariantGroup;
			children = (
				F4E164EB234DE6EC009860CA /* Base */,
			);
			name = LaunchScreen.storyboard;
			sourceTree = "<group>";
		};
/* End PBXVariantGroup section */

/* Begin XCBuildConfiguration section */
		F4E16504234DE6EC009860CA /* Debug */ = {
			isa = XCBuildConfiguration;
			buildSettings = {
				ALWAYS_SEARCH_USER_PATHS = NO;
				CLANG_ANALYZER_NONNULL = YES;
				CLANG_ANALYZER_NUMBER_OBJECT_CONVERSION = YES_AGGRESSIVE;
				CLANG_CXX_LANGUAGE_STANDARD = "gnu++14";
				CLANG_CXX_LIBRARY = "libc++";
				CLANG_ENABLE_MODULES = YES;
				CLANG_ENABLE_OBJC_ARC = YES;
				CLANG_ENABLE_OBJC_WEAK = YES;
				CLANG_WARN_BLOCK_CAPTURE_AUTORELEASING = YES;
				CLANG_WARN_BOOL_CONVERSION = YES;
				CLANG_WARN_COMMA = YES;
				CLANG_WARN_CONSTANT_CONVERSION = YES;
				CLANG_WARN_DEPRECATED_OBJC_IMPLEMENTATIONS = YES;
				CLANG_WARN_DIRECT_OBJC_ISA_USAGE = YES_ERROR;
				CLANG_WARN_DOCUMENTATION_COMMENTS = YES;
				CLANG_WARN_EMPTY_BODY = YES;
				CLANG_WARN_ENUM_CONVERSION = YES;
				CLANG_WARN_INFINITE_RECURSION = YES;
				CLANG_WARN_INT_CONVERSION = YES;
				CLANG_WARN_NON_LITERAL_NULL_CONVERSION = YES;
				CLANG_WARN_OBJC_IMPLICIT_RETAIN_SELF = YES;
				CLANG_WARN_OBJC_LITERAL_CONVERSION = YES;
				CLANG_WARN_OBJC_ROOT_CLASS = YES_ERROR;
				CLANG_WARN_RANGE_LOOP_ANALYSIS = YES;
				CLANG_WARN_STRICT_PROTOTYPES = YES;
				CLANG_WARN_SUSPICIOUS_MOVE = YES;
				CLANG_WARN_UNGUARDED_AVAILABILITY = YES_AGGRESSIVE;
				CLANG_WARN_UNREACHABLE_CODE = YES;
				CLANG_WARN__DUPLICATE_METHOD_MATCH = YES;
				COPY_PHASE_STRIP = NO;
				DEBUG_INFORMATION_FORMAT = dwarf;
				ENABLE_STRICT_OBJC_MSGSEND = YES;
				ENABLE_TESTABILITY = YES;
				GCC_C_LANGUAGE_STANDARD = gnu11;
				GCC_DYNAMIC_NO_PIC = NO;
				GCC_NO_COMMON_BLOCKS = YES;
				GCC_OPTIMIZATION_LEVEL = 0;
				GCC_PREPROCESSOR_DEFINITIONS = (
					"DEBUG=1",
					"$(inherited)",
				);
				GCC_WARN_64_TO_32_BIT_CONVERSION = YES;
				GCC_WARN_ABOUT_RETURN_TYPE = YES_ERROR;
				GCC_WARN_UNDECLARED_SELECTOR = YES;
				GCC_WARN_UNINITIALIZED_AUTOS = YES_AGGRESSIVE;
				GCC_WARN_UNUSED_FUNCTION = YES;
				GCC_WARN_UNUSED_VARIABLE = YES;
				IPHONEOS_DEPLOYMENT_TARGET = 13.0;
				MTL_ENABLE_DEBUG_INFO = INCLUDE_SOURCE;
				MTL_FAST_MATH = YES;
				ONLY_ACTIVE_ARCH = YES;
				SDKROOT = iphoneos;
				SWIFT_ACTIVE_COMPILATION_CONDITIONS = DEBUG;
				SWIFT_OPTIMIZATION_LEVEL = "-Onone";
			};
			name = Debug;
		};
		F4E16505234DE6EC009860CA /* Release */ = {
			isa = XCBuildConfiguration;
			buildSettings = {
				ALWAYS_SEARCH_USER_PATHS = NO;
				CLANG_ANALYZER_NONNULL = YES;
				CLANG_ANALYZER_NUMBER_OBJECT_CONVERSION = YES_AGGRESSIVE;
				CLANG_CXX_LANGUAGE_STANDARD = "gnu++14";
				CLANG_CXX_LIBRARY = "libc++";
				CLANG_ENABLE_MODULES = YES;
				CLANG_ENABLE_OBJC_ARC = YES;
				CLANG_ENABLE_OBJC_WEAK = YES;
				CLANG_WARN_BLOCK_CAPTURE_AUTORELEASING = YES;
				CLANG_WARN_BOOL_CONVERSION = YES;
				CLANG_WARN_COMMA = YES;
				CLANG_WARN_CONSTANT_CONVERSION = YES;
				CLANG_WARN_DEPRECATED_OBJC_IMPLEMENTATIONS = YES;
				CLANG_WARN_DIRECT_OBJC_ISA_USAGE = YES_ERROR;
				CLANG_WARN_DOCUMENTATION_COMMENTS = YES;
				CLANG_WARN_EMPTY_BODY = YES;
				CLANG_WARN_ENUM_CONVERSION = YES;
				CLANG_WARN_INFINITE_RECURSION = YES;
				CLANG_WARN_INT_CONVERSION = YES;
				CLANG_WARN_NON_LITERAL_NULL_CONVERSION = YES;
				CLANG_WARN_OBJC_IMPLICIT_RETAIN_SELF = YES;
				CLANG_WARN_OBJC_LITERAL_CONVERSION = YES;
				CLANG_WARN_OBJC_ROOT_CLASS = YES_ERROR;
				CLANG_WARN_RANGE_LOOP_ANALYSIS = YES;
				CLANG_WARN_STRICT_PROTOTYPES = YES;
				CLANG_WARN_SUSPICIOUS_MOVE = YES;
				CLANG_WARN_UNGUARDED_AVAILABILITY = YES_AGGRESSIVE;
				CLANG_WARN_UNREACHABLE_CODE = YES;
				CLANG_WARN__DUPLICATE_METHOD_MATCH = YES;
				COPY_PHASE_STRIP = NO;
				DEBUG_INFORMATION_FORMAT = "dwarf-with-dsym";
				ENABLE_NS_ASSERTIONS = NO;
				ENABLE_STRICT_OBJC_MSGSEND = YES;
				GCC_C_LANGUAGE_STANDARD = gnu11;
				GCC_NO_COMMON_BLOCKS = YES;
				GCC_WARN_64_TO_32_BIT_CONVERSION = YES;
				GCC_WARN_ABOUT_RETURN_TYPE = YES_ERROR;
				GCC_WARN_UNDECLARED_SELECTOR = YES;
				GCC_WARN_UNINITIALIZED_AUTOS = YES_AGGRESSIVE;
				GCC_WARN_UNUSED_FUNCTION = YES;
				GCC_WARN_UNUSED_VARIABLE = YES;
				IPHONEOS_DEPLOYMENT_TARGET = 13.0;
				MTL_ENABLE_DEBUG_INFO = NO;
				MTL_FAST_MATH = YES;
				SDKROOT = iphoneos;
				SWIFT_COMPILATION_MODE = wholemodule;
				SWIFT_OPTIMIZATION_LEVEL = "-O";
				VALIDATE_PRODUCT = YES;
			};
			name = Release;
		};
		F4E16507234DE6EC009860CA /* Debug */ = {
			isa = XCBuildConfiguration;
			buildSettings = {
				ASSETCATALOG_COMPILER_APPICON_NAME = AppIcon;
				CODE_SIGN_STYLE = Automatic;
				INFOPLIST_FILE = ColorPicker/Info.plist;
				LD_RUNPATH_SEARCH_PATHS = (
					"$(inherited)",
					"@executable_path/Frameworks",
				);
				PRODUCT_BUNDLE_IDENTIFIER = com.gizingun.ColorPicker;
				PRODUCT_NAME = "$(TARGET_NAME)";
				SWIFT_VERSION = 5.0;
				TARGETED_DEVICE_FAMILY = "1,2";
			};
			name = Debug;
		};
		F4E16508234DE6EC009860CA /* Release */ = {
			isa = XCBuildConfiguration;
			buildSettings = {
				ASSETCATALOG_COMPILER_APPICON_NAME = AppIcon;
				CODE_SIGN_STYLE = Automatic;
				INFOPLIST_FILE = ColorPicker/Info.plist;
				LD_RUNPATH_SEARCH_PATHS = (
					"$(inherited)",
					"@executable_path/Frameworks",
				);
				PRODUCT_BUNDLE_IDENTIFIER = com.gizingun.ColorPicker;
				PRODUCT_NAME = "$(TARGET_NAME)";
				SWIFT_VERSION = 5.0;
				TARGETED_DEVICE_FAMILY = "1,2";
			};
			name = Release;
		};
		F4E1650A234DE6EC009860CA /* Debug */ = {
			isa = XCBuildConfiguration;
			buildSettings = {
				ALWAYS_EMBED_SWIFT_STANDARD_LIBRARIES = YES;
				BUNDLE_LOADER = "$(TEST_HOST)";
				CODE_SIGN_STYLE = Automatic;
				INFOPLIST_FILE = ColorPickerTests/Info.plist;
				IPHONEOS_DEPLOYMENT_TARGET = 13.0;
				LD_RUNPATH_SEARCH_PATHS = (
					"$(inherited)",
					"@executable_path/Frameworks",
					"@loader_path/Frameworks",
				);
				PRODUCT_BUNDLE_IDENTIFIER = com.gizingun.ColorPickerTests;
				PRODUCT_NAME = "$(TARGET_NAME)";
				SWIFT_VERSION = 5.0;
				TARGETED_DEVICE_FAMILY = "1,2";
				TEST_HOST = "$(BUILT_PRODUCTS_DIR)/ColorPicker.app/ColorPicker";
			};
			name = Debug;
		};
		F4E1650B234DE6EC009860CA /* Release */ = {
			isa = XCBuildConfiguration;
			buildSettings = {
				ALWAYS_EMBED_SWIFT_STANDARD_LIBRARIES = YES;
				BUNDLE_LOADER = "$(TEST_HOST)";
				CODE_SIGN_STYLE = Automatic;
				INFOPLIST_FILE = ColorPickerTests/Info.plist;
				IPHONEOS_DEPLOYMENT_TARGET = 13.0;
				LD_RUNPATH_SEARCH_PATHS = (
					"$(inherited)",
					"@executable_path/Frameworks",
					"@loader_path/Frameworks",
				);
				PRODUCT_BUNDLE_IDENTIFIER = com.gizingun.ColorPickerTests;
				PRODUCT_NAME = "$(TARGET_NAME)";
				SWIFT_VERSION = 5.0;
				TARGETED_DEVICE_FAMILY = "1,2";
				TEST_HOST = "$(BUILT_PRODUCTS_DIR)/ColorPicker.app/ColorPicker";
			};
			name = Release;
		};
		F4E1650D234DE6EC009860CA /* Debug */ = {
			isa = XCBuildConfiguration;
			buildSettings = {
				ALWAYS_EMBED_SWIFT_STANDARD_LIBRARIES = YES;
				CODE_SIGN_STYLE = Automatic;
				INFOPLIST_FILE = ColorPickerUITests/Info.plist;
				LD_RUNPATH_SEARCH_PATHS = (
					"$(inherited)",
					"@executable_path/Frameworks",
					"@loader_path/Frameworks",
				);
				PRODUCT_BUNDLE_IDENTIFIER = com.gizingun.ColorPickerUITests;
				PRODUCT_NAME = "$(TARGET_NAME)";
				SWIFT_VERSION = 5.0;
				TARGETED_DEVICE_FAMILY = "1,2";
				TEST_TARGET_NAME = ColorPicker;
			};
			name = Debug;
		};
		F4E1650E234DE6EC009860CA /* Release */ = {
			isa = XCBuildConfiguration;
			buildSettings = {
				ALWAYS_EMBED_SWIFT_STANDARD_LIBRARIES = YES;
				CODE_SIGN_STYLE = Automatic;
				INFOPLIST_FILE = ColorPickerUITests/Info.plist;
				LD_RUNPATH_SEARCH_PATHS = (
					"$(inherited)",
					"@executable_path/Frameworks",
					"@loader_path/Frameworks",
				);
				PRODUCT_BUNDLE_IDENTIFIER = com.gizingun.ColorPickerUITests;
				PRODUCT_NAME = "$(TARGET_NAME)";
				SWIFT_VERSION = 5.0;
				TARGETED_DEVICE_FAMILY = "1,2";
				TEST_TARGET_NAME = ColorPicker;
			};
			name = Release;
		};
/* End XCBuildConfiguration section */

/* Begin XCConfigurationList section */
		F4E164D7234DE6EA009860CA /* Build configuration list for PBXProject "ColorPicker" */ = {
			isa = XCConfigurationList;
			buildConfigurations = (
				F4E16504234DE6EC009860CA /* Debug */,
				F4E16505234DE6EC009860CA /* Release */,
			);
			defaultConfigurationIsVisible = 0;
			defaultConfigurationName = Release;
		};
		F4E16506234DE6EC009860CA /* Build configuration list for PBXNativeTarget "ColorPicker" */ = {
			isa = XCConfigurationList;
			buildConfigurations = (
				F4E16507234DE6EC009860CA /* Debug */,
				F4E16508234DE6EC009860CA /* Release */,
			);
			defaultConfigurationIsVisible = 0;
			defaultConfigurationName = Release;
		};
		F4E16509234DE6EC009860CA /* Build configuration list for PBXNativeTarget "ColorPickerTests" */ = {
			isa = XCConfigurationList;
			buildConfigurations = (
				F4E1650A234DE6EC009860CA /* Debug */,
				F4E1650B234DE6EC009860CA /* Release */,
			);
			defaultConfigurationIsVisible = 0;
			defaultConfigurationName = Release;
		};
		F4E1650C234DE6EC009860CA /* Build configuration list for PBXNativeTarget "ColorPickerUITests" */ = {
			isa = XCConfigurationList;
			buildConfigurations = (
				F4E1650D234DE6EC009860CA /* Debug */,
				F4E1650E234DE6EC009860CA /* Release */,
			);
			defaultConfigurationIsVisible = 0;
			defaultConfigurationName = Release;
		};
/* End XCConfigurationList section */
	};
	rootObject = F4E164D4234DE6EA009860CA /* Project object */;
}
